
Microsoft Visual Studio Solution File, Format Version 12.00
# Visual Studio Version 17
VisualStudioVersion = 17.4.33403.182
MinimumVisualStudioVersion = 10.0.40219.1
Project("{FAE04EC0-301F-11D3-BF4B-00C04F79EFBC}") = "examen finallll", "examen finallll\examen finallll.csproj", "{B4BD921A-2F79-4C65-9295-97CE310971DD}"
EndProject
Global
	GlobalSection(SolutionConfigurationPlatforms) = preSolution
		Debug|Any CPU = Debug|Any CPU
		Release|Any CPU = Release|Any CPU
	EndGlobalSection
	GlobalSection(ProjectConfigurationPlatforms) = postSolution
		{B4BD921A-2F79-4C65-9295-97CE310971DD}.Debug|Any CPU.ActiveCfg = Debug|Any CPU
		{B4BD921A-2F79-4C65-9295-97CE310971DD}.Debug|Any CPU.Build.0 = Debug|Any CPU
		{B4BD921A-2F79-4C65-9295-97CE310971DD}.Release|Any CPU.ActiveCfg = Release|Any CPU
		{B4BD921A-2F79-4C65-9295-97CE310971DD}.Release|Any CPU.Build.0 = Release|Any CPU
	EndGlobalSection
	GlobalSection(SolutionProperties) = preSolution
		HideSolutionNode = FALSE
	EndGlobalSection
	GlobalSection(ExtensibilityGlobals) = postSolution
		SolutionGuid = {0ADA286F-3011-46F0-A125-19E4A6846D95}
	EndGlobalSection
EndGlobal
